// !$*UTF8*$!
{
	archiveVersion = 1;
	classes = {
	};
	objectVersion = 46;
	objects = {

/* Begin PBXBuildFile section */
		FFAB2CC21F0271D6006ABFBB /* main.m in Sources */ = {isa = PBXBuildFile; fileRef = FFAB2CC11F0271D6006ABFBB /* main.m */; };
		FFAB2CC51F0271D6006ABFBB /* AppDelegate.m in Sources */ = {isa = PBXBuildFile; fileRef = FFAB2CC41F0271D6006ABFBB /* AppDelegate.m */; };
		FFAB2CC81F0271D6006ABFBB /* ViewController.m in Sources */ = {isa = PBXBuildFile; fileRef = FFAB2CC71F0271D6006ABFBB /* ViewController.m */; };
		FFAB2CCB1F0271D6006ABFBB /* Main.storyboard in Resources */ = {isa = PBXBuildFile; fileRef = FFAB2CC91F0271D6006ABFBB /* Main.storyboard */; };
		FFAB2CCD1F0271D6006ABFBB /* Assets.xcassets in Resources */ = {isa = PBXBuildFile; fileRef = FFAB2CCC1F0271D6006ABFBB /* Assets.xcassets */; };
		FFAB2CD01F0271D6006ABFBB /* LaunchScreen.storyboard in Resources */ = {isa = PBXBuildFile; fileRef = FFAB2CCE1F0271D6006ABFBB /* LaunchScreen.storyboard */; };
		FFAB2CD91F027255006ABFBB /* GLKit.framework in Frameworks */ = {isa = PBXBuildFile; fileRef = FFAB2CD81F027255006ABFBB /* GLKit.framework */; };
		FFAB2CDB1F02725C006ABFBB /* OpenGLES.framework in Frameworks */ = {isa = PBXBuildFile; fileRef = FFAB2CDA1F02725C006ABFBB /* OpenGLES.framework */; };
		FFAB2CE11F02737B006ABFBB /* HDemosVc.m in Sources */ = {isa = PBXBuildFile; fileRef = FFAB2CE01F02737B006ABFBB /* HDemosVc.m */; };
		FFAB2CE51F02743F006ABFBB /* WaterWaveEffectVc.m in Sources */ = {isa = PBXBuildFile; fileRef = FFAB2CE41F02743F006ABFBB /* WaterWaveEffectVc.m */; };
		FFAB2CE81F0274B9006ABFBB /* HGLUtils.m in Sources */ = {isa = PBXBuildFile; fileRef = FFAB2CE71F0274B9006ABFBB /* HGLUtils.m */; };
		FFAB2CFC1F02877B006ABFBB /* timg.jpg in Resources */ = {isa = PBXBuildFile; fileRef = FFAB2CF91F02877B006ABFBB /* timg.jpg */; };
		FFAB2CFD1F02877B006ABFBB /* waterShader.fsh in Resources */ = {isa = PBXBuildFile; fileRef = FFAB2CFA1F02877B006ABFBB /* waterShader.fsh */; };
		FFAB2CFE1F02877B006ABFBB /* waterShader.vsh in Resources */ = {isa = PBXBuildFile; fileRef = FFAB2CFB1F02877B006ABFBB /* waterShader.vsh */; };
		FFAB2D011F028867006ABFBB /* WaterWaveModel.m in Sources */ = {isa = PBXBuildFile; fileRef = FFAB2D001F028867006ABFBB /* WaterWaveModel.m */; };
		FFE188E626E3BC39003E1063 /* ShadowEffectVc.m in Sources */ = {isa = PBXBuildFile; fileRef = FFE188E526E3BC39003E1063 /* ShadowEffectVc.m */; };
		FFE188E926E3BCF4003E1063 /* ShadowEffectModel.m in Sources */ = {isa = PBXBuildFile; fileRef = FFE188E826E3BCF4003E1063 /* ShadowEffectModel.m */; };
		FFE188EB26E3BD5B003E1063 /* shadowShader.vsh in Resources */ = {isa = PBXBuildFile; fileRef = FFE188EA26E3BD5B003E1063 /* shadowShader.vsh */; };
		FFE188ED26E3BD93003E1063 /* shadowShader.fsh in Resources */ = {isa = PBXBuildFile; fileRef = FFE188EC26E3BD93003E1063 /* shadowShader.fsh */; };
		FFE188F026E489EB003E1063 /* LightEffectVc.m in Sources */ = {isa = PBXBuildFile; fileRef = FFE188EF26E489EB003E1063 /* LightEffectVc.m */; };
		FFE188F326E48A25003E1063 /* LightEffectModel.m in Sources */ = {isa = PBXBuildFile; fileRef = FFE188F226E48A25003E1063 /* LightEffectModel.m */; };
		FFE188F726E48A89003E1063 /* lightShader.vsh in Resources */ = {isa = PBXBuildFile; fileRef = FFE188F626E48A89003E1063 /* lightShader.vsh */; };
		FFE188F926E48A9F003E1063 /* lightShader.fsh in Resources */ = {isa = PBXBuildFile; fileRef = FFE188F826E48A9F003E1063 /* lightShader.fsh */; };
		FFE188FE26E49D7E003E1063 /* 2.jpg in Resources */ = {isa = PBXBuildFile; fileRef = FFE188FA26E49D7E003E1063 /* 2.jpg */; };
		FFE188FF26E49D7E003E1063 /* 3.jpg in Resources */ = {isa = PBXBuildFile; fileRef = FFE188FB26E49D7E003E1063 /* 3.jpg */; };
		FFE1890026E49D7E003E1063 /* 1.jpg in Resources */ = {isa = PBXBuildFile; fileRef = FFE188FC26E49D7E003E1063 /* 1.jpg */; };
		FFE1890126E49D7E003E1063 /* 4.jpg in Resources */ = {isa = PBXBuildFile; fileRef = FFE188FD26E49D7E003E1063 /* 4.jpg */; };
/* End PBXBuildFile section */

/* Begin PBXFileReference section */
		FFAB2CBD1F0271D6006ABFBB /* OpenGLESShader.app */ = {isa = PBXFileReference; explicitFileType = wrapper.application; includeInIndex = 0; path = OpenGLESShader.app; sourceTree = BUILT_PRODUCTS_DIR; };
		FFAB2CC11F0271D6006ABFBB /* main.m */ = {isa = PBXFileReference; lastKnownFileType = sourcecode.c.objc; path = main.m; sourceTree = "<group>"; };
		FFAB2CC31F0271D6006ABFBB /* AppDelegate.h */ = {isa = PBXFileReference; lastKnownFileType = sourcecode.c.h; path = AppDelegate.h; sourceTree = "<group>"; };
		FFAB2CC41F0271D6006ABFBB /* AppDelegate.m */ = {isa = PBXFileReference; lastKnownFileType = sourcecode.c.objc; path = AppDelegate.m; sourceTree = "<group>"; };
		FFAB2CC61F0271D6006ABFBB /* ViewController.h */ = {isa = PBXFileReference; lastKnownFileType = sourcecode.c.h; path = ViewController.h; sourceTree = "<group>"; };
		FFAB2CC71F0271D6006ABFBB /* ViewController.m */ = {isa = PBXFileReference; lastKnownFileType = sourcecode.c.objc; path = ViewController.m; sourceTree = "<group>"; };
		FFAB2CCA1F0271D6006ABFBB /* Base */ = {isa = PBXFileReference; lastKnownFileType = file.storyboard; name = Base; path = Base.lproj/Main.storyboard; sourceTree = "<group>"; };
		FFAB2CCC1F0271D6006ABFBB /* Assets.xcassets */ = {isa = PBXFileReference; lastKnownFileType = folder.assetcatalog; path = Assets.xcassets; sourceTree = "<group>"; };
		FFAB2CCF1F0271D6006ABFBB /* Base */ = {isa = PBXFileReference; lastKnownFileType = file.storyboard; name = Base; path = Base.lproj/LaunchScreen.storyboard; sourceTree = "<group>"; };
		FFAB2CD11F0271D6006ABFBB /* Info.plist */ = {isa = PBXFileReference; lastKnownFileType = text.plist.xml; path = Info.plist; sourceTree = "<group>"; };
		FFAB2CD81F027255006ABFBB /* GLKit.framework */ = {isa = PBXFileReference; lastKnownFileType = wrapper.framework; name = GLKit.framework; path = System/Library/Frameworks/GLKit.framework; sourceTree = SDKROOT; };
		FFAB2CDA1F02725C006ABFBB /* OpenGLES.framework */ = {isa = PBXFileReference; lastKnownFileType = wrapper.framework; name = OpenGLES.framework; path = System/Library/Frameworks/OpenGLES.framework; sourceTree = SDKROOT; };
		FFAB2CDF1F02737B006ABFBB /* HDemosVc.h */ = {isa = PBXFileReference; fileEncoding = 4; lastKnownFileType = sourcecode.c.h; path = HDemosVc.h; sourceTree = "<group>"; };
		FFAB2CE01F02737B006ABFBB /* HDemosVc.m */ = {isa = PBXFileReference; fileEncoding = 4; lastKnownFileType = sourcecode.c.objc; path = HDemosVc.m; sourceTree = "<group>"; };
		FFAB2CE31F02743F006ABFBB /* WaterWaveEffectVc.h */ = {isa = PBXFileReference; fileEncoding = 4; lastKnownFileType = sourcecode.c.h; path = WaterWaveEffectVc.h; sourceTree = "<group>"; };
		FFAB2CE41F02743F006ABFBB /* WaterWaveEffectVc.m */ = {isa = PBXFileReference; fileEncoding = 4; lastKnownFileType = sourcecode.c.objc; path = WaterWaveEffectVc.m; sourceTree = "<group>"; };
		FFAB2CE61F0274B9006ABFBB /* HGLUtils.h */ = {isa = PBXFileReference; fileEncoding = 4; lastKnownFileType = sourcecode.c.h; path = HGLUtils.h; sourceTree = "<group>"; };
		FFAB2CE71F0274B9006ABFBB /* HGLUtils.m */ = {isa = PBXFileReference; fileEncoding = 4; lastKnownFileType = sourcecode.c.objc; path = HGLUtils.m; sourceTree = "<group>"; };
		FFAB2CF91F02877B006ABFBB /* timg.jpg */ = {isa = PBXFileReference; lastKnownFileType = image.jpeg; path = timg.jpg; sourceTree = "<group>"; };
		FFAB2CFA1F02877B006ABFBB /* waterShader.fsh */ = {isa = PBXFileReference; fileEncoding = 4; lastKnownFileType = sourcecode.glsl; path = waterShader.fsh; sourceTree = "<group>"; };
		FFAB2CFB1F02877B006ABFBB /* waterShader.vsh */ = {isa = PBXFileReference; fileEncoding = 4; lastKnownFileType = sourcecode.glsl; path = waterShader.vsh; sourceTree = "<group>"; };
		FFAB2CFF1F028867006ABFBB /* WaterWaveModel.h */ = {isa = PBXFileReference; fileEncoding = 4; lastKnownFileType = sourcecode.c.h; path = WaterWaveModel.h; sourceTree = "<group>"; };
		FFAB2D001F028867006ABFBB /* WaterWaveModel.m */ = {isa = PBXFileReference; fileEncoding = 4; lastKnownFileType = sourcecode.c.objc; path = WaterWaveModel.m; sourceTree = "<group>"; };
		FFE188E426E3BC39003E1063 /* ShadowEffectVc.h */ = {isa = PBXFileReference; lastKnownFileType = sourcecode.c.h; path = ShadowEffectVc.h; sourceTree = "<group>"; };
		FFE188E526E3BC39003E1063 /* ShadowEffectVc.m */ = {isa = PBXFileReference; lastKnownFileType = sourcecode.c.objc; path = ShadowEffectVc.m; sourceTree = "<group>"; };
		FFE188E726E3BCF4003E1063 /* ShadowEffectModel.h */ = {isa = PBXFileReference; lastKnownFileType = sourcecode.c.h; path = ShadowEffectModel.h; sourceTree = "<group>"; };
		FFE188E826E3BCF4003E1063 /* ShadowEffectModel.m */ = {isa = PBXFileReference; lastKnownFileType = sourcecode.c.objc; path = ShadowEffectModel.m; sourceTree = "<group>"; };
		FFE188EA26E3BD5B003E1063 /* shadowShader.vsh */ = {isa = PBXFileReference; lastKnownFileType = sourcecode.glsl; path = shadowShader.vsh; sourceTree = "<group>"; };
		FFE188EC26E3BD93003E1063 /* shadowShader.fsh */ = {isa = PBXFileReference; lastKnownFileType = sourcecode.glsl; path = shadowShader.fsh; sourceTree = "<group>"; };
		FFE188EE26E489EB003E1063 /* LightEffectVc.h */ = {isa = PBXFileReference; lastKnownFileType = sourcecode.c.h; path = LightEffectVc.h; sourceTree = "<group>"; };
		FFE188EF26E489EB003E1063 /* LightEffectVc.m */ = {isa = PBXFileReference; lastKnownFileType = sourcecode.c.objc; path = LightEffectVc.m; sourceTree = "<group>"; };
		FFE188F126E48A25003E1063 /* LightEffectModel.h */ = {isa = PBXFileReference; lastKnownFileType = sourcecode.c.h; path = LightEffectModel.h; sourceTree = "<group>"; };
		FFE188F226E48A25003E1063 /* LightEffectModel.m */ = {isa = PBXFileReference; lastKnownFileType = sourcecode.c.objc; path = LightEffectModel.m; sourceTree = "<group>"; };
		FFE188F626E48A89003E1063 /* lightShader.vsh */ = {isa = PBXFileReference; lastKnownFileType = sourcecode.glsl; path = lightShader.vsh; sourceTree = "<group>"; };
		FFE188F826E48A9F003E1063 /* lightShader.fsh */ = {isa = PBXFileReference; lastKnownFileType = sourcecode.glsl; path = lightShader.fsh; sourceTree = "<group>"; };
		FFE188FA26E49D7E003E1063 /* 2.jpg */ = {isa = PBXFileReference; lastKnownFileType = image.jpeg; path = 2.jpg; sourceTree = "<group>"; };
		FFE188FB26E49D7E003E1063 /* 3.jpg */ = {isa = PBXFileReference; lastKnownFileType = image.jpeg; path = 3.jpg; sourceTree = "<group>"; };
		FFE188FC26E49D7E003E1063 /* 1.jpg */ = {isa = PBXFileReference; lastKnownFileType = image.jpeg; path = 1.jpg; sourceTree = "<group>"; };
		FFE188FD26E49D7E003E1063 /* 4.jpg */ = {isa = PBXFileReference; lastKnownFileType = image.jpeg; path = 4.jpg; sourceTree = "<group>"; };
/* End PBXFileReference section */

/* Begin PBXFrameworksBuildPhase section */
		FFAB2CBA1F0271D6006ABFBB /* Frameworks */ = {
			isa = PBXFrameworksBuildPhase;
			buildActionMask = 2147483647;
			files = (
				FFAB2CDB1F02725C006ABFBB /* OpenGLES.framework in Frameworks */,
				FFAB2CD91F027255006ABFBB /* GLKit.framework in Frameworks */,
			);
			runOnlyForDeploymentPostprocessing = 0;
		};
/* End PBXFrameworksBuildPhase section */

/* Begin PBXGroup section */
		FFAB2CB41F0271D6006ABFBB = {
			isa = PBXGroup;
			children = (
				FFAB2CBF1F0271D6006ABFBB /* OpenGLESShader */,
				FFAB2CBE1F0271D6006ABFBB /* Products */,
				FFAB2CD71F027255006ABFBB /* Frameworks */,
			);
			sourceTree = "<group>";
		};
		FFAB2CBE1F0271D6006ABFBB /* Products */ = {
			isa = PBXGroup;
			children = (
				FFAB2CBD1F0271D6006ABFBB /* OpenGLESShader.app */,
			);
			name = Products;
			sourceTree = "<group>";
		};
		FFAB2CBF1F0271D6006ABFBB /* OpenGLESShader */ = {
			isa = PBXGroup;
			children = (
				FFE188FC26E49D7E003E1063 /* 1.jpg */,
				FFE188FA26E49D7E003E1063 /* 2.jpg */,
				FFE188FB26E49D7E003E1063 /* 3.jpg */,
				FFE188FD26E49D7E003E1063 /* 4.jpg */,
				FFAB2CF91F02877B006ABFBB /* timg.jpg */,
				FFAB2CFB1F02877B006ABFBB /* waterShader.vsh */,
				FFAB2CFA1F02877B006ABFBB /* waterShader.fsh */,
				FFE188EA26E3BD5B003E1063 /* shadowShader.vsh */,
				FFE188EC26E3BD93003E1063 /* shadowShader.fsh */,
				FFE188F626E48A89003E1063 /* lightShader.vsh */,
				FFE188F826E48A9F003E1063 /* lightShader.fsh */,
				FFAB2CEC1F027655006ABFBB /* model */,
				FFAB2CE21F0273F8006ABFBB /* Vc */,
				FFAB2CC31F0271D6006ABFBB /* AppDelegate.h */,
				FFAB2CC41F0271D6006ABFBB /* AppDelegate.m */,
				FFAB2CC61F0271D6006ABFBB /* ViewController.h */,
				FFAB2CC71F0271D6006ABFBB /* ViewController.m */,
				FFAB2CE61F0274B9006ABFBB /* HGLUtils.h */,
				FFAB2CE71F0274B9006ABFBB /* HGLUtils.m */,
				FFAB2CDF1F02737B006ABFBB /* HDemosVc.h */,
				FFAB2CE01F02737B006ABFBB /* HDemosVc.m */,
				FFAB2CC91F0271D6006ABFBB /* Main.storyboard */,
				FFAB2CCC1F0271D6006ABFBB /* Assets.xcassets */,
				FFAB2CCE1F0271D6006ABFBB /* LaunchScreen.storyboard */,
				FFAB2CD11F0271D6006ABFBB /* Info.plist */,
				FFAB2CC01F0271D6006ABFBB /* Supporting Files */,
			);
			path = OpenGLESShader;
			sourceTree = "<group>";
		};
		FFAB2CC01F0271D6006ABFBB /* Supporting Files */ = {
			isa = PBXGroup;
			children = (
				FFAB2CC11F0271D6006ABFBB /* main.m */,
			);
			name = "Supporting Files";
			sourceTree = "<group>";
		};
		FFAB2CD71F027255006ABFBB /* Frameworks */ = {
			isa = PBXGroup;
			children = (
				FFAB2CDA1F02725C006ABFBB /* OpenGLES.framework */,
				FFAB2CD81F027255006ABFBB /* GLKit.framework */,
			);
			name = Frameworks;
			sourceTree = "<group>";
		};
		FFAB2CE21F0273F8006ABFBB /* Vc */ = {
			isa = PBXGroup;
			children = (
				FFAB2CE31F02743F006ABFBB /* WaterWaveEffectVc.h */,
				FFAB2CE41F02743F006ABFBB /* WaterWaveEffectVc.m */,
				FFE188E426E3BC39003E1063 /* ShadowEffectVc.h */,
				FFE188E526E3BC39003E1063 /* ShadowEffectVc.m */,
				FFE188EE26E489EB003E1063 /* LightEffectVc.h */,
				FFE188EF26E489EB003E1063 /* LightEffectVc.m */,
			);
			name = Vc;
			sourceTree = "<group>";
		};
		FFAB2CEC1F027655006ABFBB /* model */ = {
			isa = PBXGroup;
			children = (
				FFAB2CFF1F028867006ABFBB /* WaterWaveModel.h */,
				FFAB2D001F028867006ABFBB /* WaterWaveModel.m */,
				FFE188E726E3BCF4003E1063 /* ShadowEffectModel.h */,
				FFE188E826E3BCF4003E1063 /* ShadowEffectModel.m */,
				FFE188F126E48A25003E1063 /* LightEffectModel.h */,
				FFE188F226E48A25003E1063 /* LightEffectModel.m */,
			);
			name = model;
			sourceTree = "<group>";
		};
/* End PBXGroup section */

/* Begin PBXNativeTarget section */
		FFAB2CBC1F0271D6006ABFBB /* OpenGLESShader */ = {
			isa = PBXNativeTarget;
			buildConfigurationList = FFAB2CD41F0271D6006ABFBB /* Build configuration list for PBXNativeTarget "OpenGLESShader" */;
			buildPhases = (
				FFAB2CB91F0271D6006ABFBB /* Sources */,
				FFAB2CBA1F0271D6006ABFBB /* Frameworks */,
				FFAB2CBB1F0271D6006ABFBB /* Resources */,
			);
			buildRules = (
			);
			dependencies = (
			);
			name = OpenGLESShader;
			productName = OpenGLESShader;
			productReference = FFAB2CBD1F0271D6006ABFBB /* OpenGLESShader.app */;
			productType = "com.apple.product-type.application";
		};
/* End PBXNativeTarget section */

/* Begin PBXProject section */
		FFAB2CB51F0271D6006ABFBB /* Project object */ = {
			isa = PBXProject;
			attributes = {
				LastUpgradeCheck = 0830;
				ORGANIZATIONNAME = huangshiping;
				TargetAttributes = {
					FFAB2CBC1F0271D6006ABFBB = {
						CreatedOnToolsVersion = 8.3.2;
						DevelopmentTeam = ET3SY67GVF;
						ProvisioningStyle = Automatic;
					};
				};
			};
			buildConfigurationList = FFAB2CB81F0271D6006ABFBB /* Build configuration list for PBXProject "OpenGLESShader" */;
			compatibilityVersion = "Xcode 3.2";
			developmentRegion = English;
			hasScannedForEncodings = 0;
			knownRegions = (
				English,
				en,
				Base,
			);
			mainGroup = FFAB2CB41F0271D6006ABFBB;
			productRefGroup = FFAB2CBE1F0271D6006ABFBB /* Products */;
			projectDirPath = "";
			projectRoot = "";
			targets = (
				FFAB2CBC1F0271D6006ABFBB /* OpenGLESShader */,
			);
		};
/* End PBXProject section */

/* Begin PBXResourcesBuildPhase section */
		FFAB2CBB1F0271D6006ABFBB /* Resources */ = {
			isa = PBXResourcesBuildPhase;
			buildActionMask = 2147483647;
			files = (
				FFE188FE26E49D7E003E1063 /* 2.jpg in Resources */,
				FFE1890026E49D7E003E1063 /* 1.jpg in Resources */,
				FFAB2CFE1F02877B006ABFBB /* waterShader.vsh in Resources */,
				FFAB2CFC1F02877B006ABFBB /* timg.jpg in Resources */,
				FFE188FF26E49D7E003E1063 /* 3.jpg in Resources */,
				FFAB2CFD1F02877B006ABFBB /* waterShader.fsh in Resources */,
				FFAB2CD01F0271D6006ABFBB /* LaunchScreen.storyboard in Resources */,
				FFE188F726E48A89003E1063 /* lightShader.vsh in Resources */,
				FFE1890126E49D7E003E1063 /* 4.jpg in Resources */,
				FFE188ED26E3BD93003E1063 /* shadowShader.fsh in Resources */,
				FFE188EB26E3BD5B003E1063 /* shadowShader.vsh in Resources */,
				FFAB2CCD1F0271D6006ABFBB /* Assets.xcassets in Resources */,
				FFAB2CCB1F0271D6006ABFBB /* Main.storyboard in Resources */,
				FFE188F926E48A9F003E1063 /* lightShader.fsh in Resources */,
			);
			runOnlyForDeploymentPostprocessing = 0;
		};
/* End PBXResourcesBuildPhase section */

/* Begin PBXSourcesBuildPhase section */
		FFAB2CB91F0271D6006ABFBB /* Sources */ = {
			isa = PBXSourcesBuildPhase;
			buildActionMask = 2147483647;
			files = (
				FFAB2CE51F02743F006ABFBB /* WaterWaveEffectVc.m in Sources */,
				FFE188E926E3BCF4003E1063 /* ShadowEffectModel.m in Sources */,
				FFE188F026E489EB003E1063 /* LightEffectVc.m in Sources */,
				FFAB2CC81F0271D6006ABFBB /* ViewController.m in Sources */,
				FFAB2D011F028867006ABFBB /* WaterWaveModel.m in Sources */,
				FFAB2CE11F02737B006ABFBB /* HDemosVc.m in Sources */,
				FFE188F326E48A25003E1063 /* LightEffectModel.m in Sources */,
				FFAB2CC51F0271D6006ABFBB /* AppDelegate.m in Sources */,
				FFAB2CE81F0274B9006ABFBB /* HGLUtils.m in Sources */,
				FFAB2CC21F0271D6006ABFBB /* main.m in Sources */,
				FFE188E626E3BC39003E1063 /* ShadowEffectVc.m in Sources */,
			);
			runOnlyForDeploymentPostprocessing = 0;
		};
/* End PBXSourcesBuildPhase section */

/* Begin PBXVariantGroup section */
		FFAB2CC91F0271D6006ABFBB /* Main.storyboard */ = {
			isa = PBXVariantGroup;
			children = (
				FFAB2CCA1F0271D6006ABFBB /* Base */,
			);
			name = Main.storyboard;
			sourceTree = "<group>";
		};
		FFAB2CCE1F0271D6006ABFBB /* LaunchScreen.storyboard */ = {
			isa = PBXVariantGroup;
			children = (
				FFAB2CCF1F0271D6006ABFBB /* Base */,
			);
			name = LaunchScreen.storyboard;
			sourceTree = "<group>";
		};
/* End PBXVariantGroup section */

/* Begin XCBuildConfiguration section */
		FFAB2CD21F0271D6006ABFBB /* Debug */ = {
			isa = XCBuildConfiguration;
			buildSettings = {
				ALWAYS_SEARCH_USER_PATHS = NO;
				CLANG_ANALYZER_NONNULL = YES;
				CLANG_ANALYZER_NUMBER_OBJECT_CONVERSION = YES_AGGRESSIVE;
				CLANG_CXX_LANGUAGE_STANDARD = "gnu++0x";
				CLANG_CXX_LIBRARY = "libc++";
				CLANG_ENABLE_MODULES = YES;
				CLANG_ENABLE_OBJC_ARC = YES;
				CLANG_WARN_BOOL_CONVERSION = YES;
				CLANG_WARN_CONSTANT_CONVERSION = YES;
				CLANG_WARN_DIRECT_OBJC_ISA_USAGE = YES_ERROR;
				CLANG_WARN_DOCUMENTATION_COMMENTS = YES;
				CLANG_WARN_EMPTY_BODY = YES;
				CLANG_WARN_ENUM_CONVERSION = YES;
				CLANG_WARN_INFINITE_RECURSION = YES;
				CLANG_WARN_INT_CONVERSION = YES;
				CLANG_WARN_OBJC_ROOT_CLASS = YES_ERROR;
				CLANG_WARN_SUSPICIOUS_MOVE = YES;
				CLANG_WARN_UNREACHABLE_CODE = YES;
				CLANG_WARN__DUPLICATE_METHOD_MATCH = YES;
				"CODE_SIGN_IDENTITY[sdk=iphoneos*]" = "iPhone Developer";
				COPY_PHASE_STRIP = NO;
				DEBUG_INFORMATION_FORMAT = dwarf;
				ENABLE_STRICT_OBJC_MSGSEND = YES;
				ENABLE_TESTABILITY = YES;
				GCC_C_LANGUAGE_STANDARD = gnu99;
				GCC_DYNAMIC_NO_PIC = NO;
				GCC_NO_COMMON_BLOCKS = YES;
				GCC_OPTIMIZATION_LEVEL = 0;
				GCC_PREPROCESSOR_DEFINITIONS = (
					"DEBUG=1",
					"$(inherited)",
				);
				GCC_WARN_64_TO_32_BIT_CONVERSION = YES;
				GCC_WARN_ABOUT_RETURN_TYPE = YES_ERROR;
				GCC_WARN_UNDECLARED_SELECTOR = YES;
				GCC_WARN_UNINITIALIZED_AUTOS = YES_AGGRESSIVE;
				GCC_WARN_UNUSED_FUNCTION = YES;
				GCC_WARN_UNUSED_VARIABLE = YES;
				IPHONEOS_DEPLOYMENT_TARGET = 10.3;
				MTL_ENABLE_DEBUG_INFO = YES;
				ONLY_ACTIVE_ARCH = YES;
				SDKROOT = iphoneos;
				TARGETED_DEVICE_FAMILY = "1,2";
			};
			name = Debug;
		};
		FFAB2CD31F0271D6006ABFBB /* Release */ = {
			isa = XCBuildConfiguration;
			buildSettings = {
				ALWAYS_SEARCH_USER_PATHS = NO;
				CLANG_ANALYZER_NONNULL = YES;
				CLANG_ANALYZER_NUMBER_OBJECT_CONVERSION = YES_AGGRESSIVE;
				CLANG_CXX_LANGUAGE_STANDARD = "gnu++0x";
				CLANG_CXX_LIBRARY = "libc++";
				CLANG_ENABLE_MODULES = YES;
				CLANG_ENABLE_OBJC_ARC = YES;
				CLANG_WARN_BOOL_CONVERSION = YES;
				CLANG_WARN_CONSTANT_CONVERSION = YES;
				CLANG_WARN_DIRECT_OBJC_ISA_USAGE = YES_ERROR;
				CLANG_WARN_DOCUMENTATION_COMMENTS = YES;
				CLANG_WARN_EMPTY_BODY = YES;
				CLANG_WARN_ENUM_CONVERSION = YES;
				CLANG_WARN_INFINITE_RECURSION = YES;
				CLANG_WARN_INT_CONVERSION = YES;
				CLANG_WARN_OBJC_ROOT_CLASS = YES_ERROR;
				CLANG_WARN_SUSPICIOUS_MOVE = YES;
				CLANG_WARN_UNREACHABLE_CODE = YES;
				CLANG_WARN__DUPLICATE_METHOD_MATCH = YES;
				"CODE_SIGN_IDENTITY[sdk=iphoneos*]" = "iPhone Developer";
				COPY_PHASE_STRIP = NO;
				DEBUG_INFORMATION_FORMAT = "dwarf-with-dsym";
				ENABLE_NS_ASSERTIONS = NO;
				ENABLE_STRICT_OBJC_MSGSEND = YES;
				GCC_C_LANGUAGE_STANDARD = gnu99;
				GCC_NO_COMMON_BLOCKS = YES;
				GCC_WARN_64_TO_32_BIT_CONVERSION = YES;
				GCC_WARN_ABOUT_RETURN_TYPE = YES_ERROR;
				GCC_WARN_UNDECLARED_SELECTOR = YES;
				GCC_WARN_UNINITIALIZED_AUTOS = YES_AGGRESSIVE;
				GCC_WARN_UNUSED_FUNCTION = YES;
				GCC_WARN_UNUSED_VARIABLE = YES;
				IPHONEOS_DEPLOYMENT_TARGET = 10.3;
				MTL_ENABLE_DEBUG_INFO = NO;
				SDKROOT = iphoneos;
				TARGETED_DEVICE_FAMILY = "1,2";
				VALIDATE_PRODUCT = YES;
			};
			name = Release;
		};
		FFAB2CD51F0271D6006ABFBB /* Debug */ = {
			isa = XCBuildConfiguration;
			buildSettings = {
				ASSETCATALOG_COMPILER_APPICON_NAME = AppIcon;
				DEVELOPMENT_TEAM = ET3SY67GVF;
				INFOPLIST_FILE = OpenGLESShader/Info.plist;
				LD_RUNPATH_SEARCH_PATHS = "$(inherited) @executable_path/Frameworks";
				PRODUCT_BUNDLE_IDENTIFIER = com.hsp.org.OpenGLESShader;
				PRODUCT_NAME = "$(TARGET_NAME)";
			};
			name = Debug;
		};
		FFAB2CD61F0271D6006ABFBB /* Release */ = {
			isa = XCBuildConfiguration;
			buildSettings = {
				ASSETCATALOG_COMPILER_APPICON_NAME = AppIcon;
				DEVELOPMENT_TEAM = ET3SY67GVF;
				INFOPLIST_FILE = OpenGLESShader/Info.plist;
				LD_RUNPATH_SEARCH_PATHS = "$(inherited) @executable_path/Frameworks";
				PRODUCT_BUNDLE_IDENTIFIER = com.hsp.org.OpenGLESShader;
				PRODUCT_NAME = "$(TARGET_NAME)";
			};
			name = Release;
		};
/* End XCBuildConfiguration section */

/* Begin XCConfigurationList section */
		FFAB2CB81F0271D6006ABFBB /* Build configuration list for PBXProject "OpenGLESShader" */ = {
			isa = XCConfigurationList;
			buildConfigurations = (
				FFAB2CD21F0271D6006ABFBB /* Debug */,
				FFAB2CD31F0271D6006ABFBB /* Release */,
			);
			defaultConfigurationIsVisible = 0;
			defaultConfigurationName = Release;
		};
		FFAB2CD41F0271D6006ABFBB /* Build configuration list for PBXNativeTarget "OpenGLESShader" */ = {
			isa = XCConfigurationList;
			buildConfigurations = (
				FFAB2CD51F0271D6006ABFBB /* Debug */,
				FFAB2CD61F0271D6006ABFBB /* Release */,
			);
			defaultConfigurationIsVisible = 0;
			defaultConfigurationName = Release;
		};
/* End XCConfigurationList section */
	};
	rootObject = FFAB2CB51F0271D6006ABFBB /* Project object */;
}
